
Microsoft Visual Studio Solution File, Format Version 12.00
# Visual Studio Version 16
VisualStudioVersion = 16.0.809.1
MinimumVisualStudioVersion = 10.0.40219.1
Project("{FAE04EC0-301F-11D3-BF4B-00C04F79EFBC}") = "Junk2", "Junk2\Junk2.csproj", "{2C843D26-92F5-472E-A4D2-3E7C86253998}"
EndProject
Global
	GlobalSection(SolutionConfigurationPlatforms) = preSolution
		Debug|Any CPU = Debug|Any CPU
		Release|Any CPU = Release|Any CPU
	EndGlobalSection
	GlobalSection(ProjectConfigurationPlatforms) = postSolution
		{2C843D26-92F5-472E-A4D2-3E7C86253998}.Debug|Any CPU.ActiveCfg = Debug|Any CPU
		{2C843D26-92F5-472E-A4D2-3E7C86253998}.Debug|Any CPU.Build.0 = Debug|Any CPU
		{2C843D26-92F5-472E-A4D2-3E7C86253998}.Release|Any CPU.ActiveCfg = Release|Any CPU
		{2C843D26-92F5-472E-A4D2-3E7C86253998}.Release|Any CPU.Build.0 = Release|Any CPU
	EndGlobalSection
	GlobalSection(SolutionProperties) = preSolution
		HideSolutionNode = FALSE
	EndGlobalSection
	GlobalSection(ExtensibilityGlobals) = postSolution
		SolutionGuid = {40B56240-8326-4E6E-84B4-68F0FE95CA20}
	EndGlobalSection
EndGlobal
